<?xml version="1.0" encoding="utf-8"?>
<Project ToolsVersion="4.0" xmlns="http://schemas.microsoft.com/developer/msbuild/2003">
  <ItemGroup>
    <Filter Include="Source Files">
      <UniqueIdentifier>{4FC737F1-C7A5-4376-A066-2A32D752A2FF}</UniqueIdentifier>
      <Extensions>cpp;c;cc;cxx;c++;cppm;ixx;def;odl;idl;hpj;bat;asm;asmx</Extensions>
    </Filter>
    <Filter Include="Header Files">
      <UniqueIdentifier>{93995380-89BD-4b04-88EB-625FBE52EBFB}</UniqueIdentifier>
      <Extensions>h;hh;hpp;hxx;h++;hm;inl;inc;ipp;xsd</Extensions>
    </Filter>
    <Filter Include="Resource Files">
      <UniqueIdentifier>{67DA6AB6-F800-4c08-8B7A-83BB121AAD01}</UniqueIdentifier>
      <Extensions>rc;ico;cur;bmp;dlg;rc2;rct;bin;rgs;gif;jpg;jpeg;jpe;resx;tiff;tif;png;wav;mfcribbon-ms</Extensions>
    </Filter>
  </ItemGroup>
  <ItemGroup>
    <ClCompile Include="src\main.cpp">
      <Filter>Source Files</Filter>
    </ClCompile>
    <ClCompile Include="src\glad.c">
      <Filter>Source Files</Filter>
    </ClCompile>
    <ClCompile Include="SpdLog\LogInternals.cpp">
      <Filter>Source Files</Filter>
    </ClCompile>
    <ClCompile Include="src\Windows\WindowsManager.cpp">
      <Filter>Source Files</Filter>
    </ClCompile>
    <ClCompile Include="src\Windows\MainScreen.cpp">
      <Filter>Source Files</Filter>
    </ClCompile>
    <ClCompile Include="src\App.cpp">
      <Filter>Source Files</Filter>
    </ClCompile>
    <ClCompile Include="vendors\imgui\imgui.cpp">
      <Filter>Source Files</Filter>
    </ClCompile>
    <ClCompile Include="vendors\imgui\imgui_demo.cpp">
      <Filter>Source Files</Filter>
    </ClCompile>
    <ClCompile Include="vendors\imgui\imgui_draw.cpp">
      <Filter>Source Files</Filter>
    </ClCompile>
    <ClCompile Include="vendors\imgui\imgui_impl_glfw.cpp">
      <Filter>Source Files</Filter>
    </ClCompile>
    <ClCompile Include="vendors\imgui\imgui_impl_opengl3.cpp">
      <Filter>Source Files</Filter>
    </ClCompile>
    <ClCompile Include="vendors\imgui\imgui_tables.cpp">
      <Filter>Source Files</Filter>
    </ClCompile>
    <ClCompile Include="vendors\imgui\imgui_widgets.cpp">
      <Filter>Source Files</Filter>
    </ClCompile>
    <ClCompile Include="src\Shader\ShaderManager.cpp">
      <Filter>Source Files</Filter>
    </ClCompile>
    <ClCompile Include="src\Editor_Gui\Grid.cpp">
      <Filter>Source Files</Filter>
    </ClCompile>
    <ClCompile Include="src\Windows\Settings.cpp">
      <Filter>Source Files</Filter>
    </ClCompile>
    <ClCompile Include="src\Camera\Camera.cpp">
      <Filter>Source Files</Filter>
    </ClCompile>
    <ClCompile Include="src\Render.cpp">
      <Filter>Source Files</Filter>
    </ClCompile>
    <ClCompile Include="src\EditorInput.cpp">
      <Filter>Source Files</Filter>
    </ClCompile>
    <ClCompile Include="src\Ecs\EntityNodes.cpp">
      <Filter>Source Files</Filter>
    </ClCompile>
    <ClCompile Include="src\Ecs\ObjectEditor.cpp">
      <Filter>Source Files</Filter>
    </ClCompile>
  </ItemGroup>
  <ItemGroup>
    <ClInclude Include="src\Headers\Config.h">
      <Filter>Header Files</Filter>
    </ClInclude>
    <ClInclude Include="vendors\glad\glad.h">
      <Filter>Header Files</Filter>
    </ClInclude>
    <ClInclude Include="SpdLog\LogInternals.h">
      <Filter>Header Files</Filter>
    </ClInclude>
    <ClInclude Include="src\Windows\WindowsManager.h">
      <Filter>Header Files</Filter>
    </ClInclude>
    <ClInclude Include="src\Windows\MainScreen.h">
      <Filter>Header Files</Filter>
    </ClInclude>
    <ClInclude Include="src\Headers\App.h">
      <Filter>Header Files</Filter>
    </ClInclude>
    <ClInclude Include="src\Headers\EditorInput.h">
      <Filter>Header Files</Filter>
    </ClInclude>
    <ClInclude Include="vendors\imgui\imconfig.h">
      <Filter>Header Files</Filter>
    </ClInclude>
    <ClInclude Include="vendors\imgui\imgui.h">
      <Filter>Header Files</Filter>
    </ClInclude>
    <ClInclude Include="vendors\imgui\imgui_impl_glfw.h">
      <Filter>Header Files</Filter>
    </ClInclude>
    <ClInclude Include="vendors\imgui\imgui_impl_opengl3.h">
      <Filter>Header Files</Filter>
    </ClInclude>
    <ClInclude Include="vendors\imgui\imgui_impl_opengl3_loader.h">
      <Filter>Header Files</Filter>
    </ClInclude>
    <ClInclude Include="vendors\imgui\imgui_internal.h">
      <Filter>Header Files</Filter>
    </ClInclude>
    <ClInclude Include="vendors\imgui\ImGuiAF.h">
      <Filter>Header Files</Filter>
    </ClInclude>
    <ClInclude Include="vendors\imgui\imstb_rectpack.h">
      <Filter>Header Files</Filter>
    </ClInclude>
    <ClInclude Include="vendors\imgui\imstb_textedit.h">
      <Filter>Header Files</Filter>
    </ClInclude>
    <ClInclude Include="vendors\imgui\imstb_truetype.h">
      <Filter>Header Files</Filter>
    </ClInclude>
    <ClInclude Include="src\Ecs\SelectedDataManager.h">
      <Filter>Header Files</Filter>
    </ClInclude>
    <ClInclude Include="src\Ecs\BaseModel.h">
      <Filter>Header Files</Filter>
    </ClInclude>
    <ClInclude Include="src\Ecs\ObjectManager.h">
      <Filter>Header Files</Filter>
    </ClInclude>
    <ClInclude Include="src\Shader\ShaderManager.h">
      <Filter>Header Files</Filter>
    </ClInclude>
    <ClInclude Include="src\Shader\Shader.h">
      <Filter>Header Files</Filter>
    </ClInclude>
    <ClInclude Include="src\Editor_Gui\Grid.h">
      <Filter>Header Files</Filter>
    </ClInclude>
    <ClInclude Include="src\Camera\Camera.h">
      <Filter>Header Files</Filter>
    </ClInclude>
    <ClInclude Include="src\Windows\Settings.h">
      <Filter>Header Files</Filter>
    </ClInclude>
    <ClInclude Include="src\Headers\Render.h">
      <Filter>Header Files</Filter>
    </ClInclude>
    <ClInclude Include="src\Ecs\EntityNodes.h">
      <Filter>Header Files</Filter>
    </ClInclude>
    <ClInclude Include="src\Ecs\ObjectEditor.h">
      <Filter>Header Files</Filter>
    </ClInclude>
  </ItemGroup>
  <ItemGroup>
    <Image Include="Textures\Icon.png">
      <Filter>Resource Files</Filter>
    </Image>
  </ItemGroup>
  <ItemGroup>
    <None Include="src\Shader\ShaderFile\default_Grid.frag" />
    <None Include="src\Shader\ShaderFile\default_Grid.vert" />
    <None Include="src\Shader\ShaderFile\test.vert" />
    <None Include="src\Shader\ShaderFile\test.frag" />
  </ItemGroup>
</Project>